
Microsoft Visual Studio Solution File, Format Version 12.00
# Visual Studio Version 17
VisualStudioVersion = 17.13.36105.23
MinimumVisualStudioVersion = 10.0.40219.1
Project("{FAE04EC0-301F-11D3-BF4B-00C04F79EFBC}") = "01_MainSubjects", "01_MainSubjects\01_MainSubjects.csproj", "{95DBCFA1-DCCB-4B45-893E-7C8FA4234303}"
EndProject
Project("{FAE04EC0-301F-11D3-BF4B-00C04F79EFBC}") = "02_Variables", "02_Variables\02_Variables.csproj", "{45810347-1DF1-400F-AADE-84492A3411AC}"
EndProject
Project("{FAE04EC0-301F-11D3-BF4B-00C04F79EFBC}") = "03_MakingDecision", "03_MakingDecision\03_MakingDecision.csproj", "{E68CA932-95AB-4FB7-A845-C8D0E5AB5C8A}"
EndProject
Project("{FAE04EC0-301F-11D3-BF4B-00C04F79EFBC}") = "04_Loops", "04_Loops\04_Loops.csproj", "{1B28371E-B35A-439A-8B17-69F6C59C6FA1}"
EndProject
Project("{FAE04EC0-301F-11D3-BF4B-00C04F79EFBC}") = "05_LoopsWithStars", "05_LoopsWithStars\05_LoopsWithStars.csproj", "{8D02FC87-79EB-4749-BBD5-EA21C16B1192}"
EndProject
Project("{FAE04EC0-301F-11D3-BF4B-00C04F79EFBC}") = "06_Arrays", "06_Arrays\06_Arrays.csproj", "{9D4423D0-B1D4-49FF-B61C-11B60E6C3254}"
EndProject
Project("{FAE04EC0-301F-11D3-BF4B-00C04F79EFBC}") = "07_ForeachLoop", "07_ForeachLoop\07_ForeachLoop.csproj", "{56E2BE36-E628-484E-965E-51FC3768435D}"
EndProject
Project("{FAE04EC0-301F-11D3-BF4B-00C04F79EFBC}") = "08_Methods", "08_Methods\08_Methods.csproj", "{C55C3B4C-F379-4B79-896F-1381733E1230}"
EndProject
Project("{FAE04EC0-301F-11D3-BF4B-00C04F79EFBC}") = "09_DatabaseProject", "09_DatabaseProject\09_DatabaseProject.csproj", "{21010F0E-9A89-4F78-8A96-76E3922AF08A}"
EndProject
Project("{FAE04EC0-301F-11D3-BF4B-00C04F79EFBC}") = "10_DatabaseCrud", "10_DatabaseCrud\10_DatabaseCrud.csproj", "{2D1A7065-6638-4F3B-A5D1-615E1F01B03F}"
EndProject
Global
	GlobalSection(SolutionConfigurationPlatforms) = preSolution
		Debug|Any CPU = Debug|Any CPU
		Release|Any CPU = Release|Any CPU
	EndGlobalSection
	GlobalSection(ProjectConfigurationPlatforms) = postSolution
		{95DBCFA1-DCCB-4B45-893E-7C8FA4234303}.Debug|Any CPU.ActiveCfg = Debug|Any CPU
		{95DBCFA1-DCCB-4B45-893E-7C8FA4234303}.Debug|Any CPU.Build.0 = Debug|Any CPU
		{95DBCFA1-DCCB-4B45-893E-7C8FA4234303}.Release|Any CPU.ActiveCfg = Release|Any CPU
		{95DBCFA1-DCCB-4B45-893E-7C8FA4234303}.Release|Any CPU.Build.0 = Release|Any CPU
		{45810347-1DF1-400F-AADE-84492A3411AC}.Debug|Any CPU.ActiveCfg = Debug|Any CPU
		{45810347-1DF1-400F-AADE-84492A3411AC}.Debug|Any CPU.Build.0 = Debug|Any CPU
		{45810347-1DF1-400F-AADE-84492A3411AC}.Release|Any CPU.ActiveCfg = Release|Any CPU
		{45810347-1DF1-400F-AADE-84492A3411AC}.Release|Any CPU.Build.0 = Release|Any CPU
		{E68CA932-95AB-4FB7-A845-C8D0E5AB5C8A}.Debug|Any CPU.ActiveCfg = Debug|Any CPU
		{E68CA932-95AB-4FB7-A845-C8D0E5AB5C8A}.Debug|Any CPU.Build.0 = Debug|Any CPU
		{E68CA932-95AB-4FB7-A845-C8D0E5AB5C8A}.Release|Any CPU.ActiveCfg = Release|Any CPU
		{E68CA932-95AB-4FB7-A845-C8D0E5AB5C8A}.Release|Any CPU.Build.0 = Release|Any CPU
		{1B28371E-B35A-439A-8B17-69F6C59C6FA1}.Debug|Any CPU.ActiveCfg = Debug|Any CPU
		{1B28371E-B35A-439A-8B17-69F6C59C6FA1}.Debug|Any CPU.Build.0 = Debug|Any CPU
		{1B28371E-B35A-439A-8B17-69F6C59C6FA1}.Release|Any CPU.ActiveCfg = Release|Any CPU
		{1B28371E-B35A-439A-8B17-69F6C59C6FA1}.Release|Any CPU.Build.0 = Release|Any CPU
		{8D02FC87-79EB-4749-BBD5-EA21C16B1192}.Debug|Any CPU.ActiveCfg = Debug|Any CPU
		{8D02FC87-79EB-4749-BBD5-EA21C16B1192}.Debug|Any CPU.Build.0 = Debug|Any CPU
		{8D02FC87-79EB-4749-BBD5-EA21C16B1192}.Release|Any CPU.ActiveCfg = Release|Any CPU
		{8D02FC87-79EB-4749-BBD5-EA21C16B1192}.Release|Any CPU.Build.0 = Release|Any CPU
		{9D4423D0-B1D4-49FF-B61C-11B60E6C3254}.Debug|Any CPU.ActiveCfg = Debug|Any CPU
		{9D4423D0-B1D4-49FF-B61C-11B60E6C3254}.Debug|Any CPU.Build.0 = Debug|Any CPU
		{9D4423D0-B1D4-49FF-B61C-11B60E6C3254}.Release|Any CPU.ActiveCfg = Release|Any CPU
		{9D4423D0-B1D4-49FF-B61C-11B60E6C3254}.Release|Any CPU.Build.0 = Release|Any CPU
		{56E2BE36-E628-484E-965E-51FC3768435D}.Debug|Any CPU.ActiveCfg = Debug|Any CPU
		{56E2BE36-E628-484E-965E-51FC3768435D}.Debug|Any CPU.Build.0 = Debug|Any CPU
		{56E2BE36-E628-484E-965E-51FC3768435D}.Release|Any CPU.ActiveCfg = Release|Any CPU
		{56E2BE36-E628-484E-965E-51FC3768435D}.Release|Any CPU.Build.0 = Release|Any CPU
		{C55C3B4C-F379-4B79-896F-1381733E1230}.Debug|Any CPU.ActiveCfg = Debug|Any CPU
		{C55C3B4C-F379-4B79-896F-1381733E1230}.Debug|Any CPU.Build.0 = Debug|Any CPU
		{C55C3B4C-F379-4B79-896F-1381733E1230}.Release|Any CPU.ActiveCfg = Release|Any CPU
		{C55C3B4C-F379-4B79-896F-1381733E1230}.Release|Any CPU.Build.0 = Release|Any CPU
		{21010F0E-9A89-4F78-8A96-76E3922AF08A}.Debug|Any CPU.ActiveCfg = Debug|Any CPU
		{21010F0E-9A89-4F78-8A96-76E3922AF08A}.Debug|Any CPU.Build.0 = Debug|Any CPU
		{21010F0E-9A89-4F78-8A96-76E3922AF08A}.Release|Any CPU.ActiveCfg = Release|Any CPU
		{21010F0E-9A89-4F78-8A96-76E3922AF08A}.Release|Any CPU.Build.0 = Release|Any CPU
		{2D1A7065-6638-4F3B-A5D1-615E1F01B03F}.Debug|Any CPU.ActiveCfg = Debug|Any CPU
		{2D1A7065-6638-4F3B-A5D1-615E1F01B03F}.Debug|Any CPU.Build.0 = Debug|Any CPU
		{2D1A7065-6638-4F3B-A5D1-615E1F01B03F}.Release|Any CPU.ActiveCfg = Release|Any CPU
		{2D1A7065-6638-4F3B-A5D1-615E1F01B03F}.Release|Any CPU.Build.0 = Release|Any CPU
	EndGlobalSection
	GlobalSection(SolutionProperties) = preSolution
		HideSolutionNode = FALSE
	EndGlobalSection
	GlobalSection(ExtensibilityGlobals) = postSolution
		SolutionGuid = {B5483380-D5B5-4F06-B4F5-3A749A280D04}
	EndGlobalSection
EndGlobal
